{
  "name": "clase33_nvm_npm_use_library",
  "version": "1.0.0",
  "lockfileVersion": 2,
  "requires": true,
  "packages": {
    "": {
      "name": "clase33_nvm_npm_use_library",
      "version": "1.0.0",
      "license": "ISC",
      "dependencies": {
        "clase33_suma": "^1.0.1"
      }
    },
    "node_modules/clase33_suma": {
      "version": "1.0.1",
      "resolved": "https://registry.npmjs.org/clase33_suma/-/clase33_suma-1.0.1.tgz",
      "integrity": "sha512-flK+Jg8uZRNEF8+30J1cLo7ZkfiE/4AYoKLuWKqbsK4fuYmwbiECdA7C8E2pxA3hmoyJVHBjhkRxi/Pq2dIqKA=="
    }
  },
  "dependencies": {
    "clase33_suma": {
      "version": "1.0.1",
      "resolved": "https://registry.npmjs.org/clase33_suma/-/clase33_suma-1.0.1.tgz",
      "integrity": "sha512-flK+Jg8uZRNEF8+30J1cLo7ZkfiE/4AYoKLuWKqbsK4fuYmwbiECdA7C8E2pxA3hmoyJVHBjhkRxi/Pq2dIqKA=="
    }
  }
}
